<?xml version="1.0" encoding="utf-8"?>
<Project ToolsVersion="4.0" xmlns="http://schemas.microsoft.com/developer/msbuild/2003">
  <ItemGroup>
    <Filter Include="Source Files">
      <UniqueIdentifier>{4FC737F1-C7A5-4376-A066-2A32D752A2FF}</UniqueIdentifier>
      <Extensions>cpp;c;cc;cxx;def;odl;idl;hpj;bat;asm;asmx</Extensions>
    </Filter>
    <Filter Include="Header Files">
      <UniqueIdentifier>{93995380-89BD-4b04-88EB-625FBE52EBFB}</UniqueIdentifier>
      <Extensions>h;hh;hpp;hxx;hm;inl;inc;xsd</Extensions>
    </Filter>
    <Filter Include="Resource Files">
      <UniqueIdentifier>{67DA6AB6-F800-4c08-8B7A-83BB121AAD01}</UniqueIdentifier>
      <Extensions>rc;ico;cur;bmp;dlg;rc2;rct;bin;rgs;gif;jpg;jpeg;jpe;resx;tiff;tif;png;wav;mfcribbon-ms</Extensions>
    </Filter>
  </ItemGroup>
  <ItemGroup>
    <ClInclude Include="fileio\buffer.h">
      <Filter>Header Files</Filter>
    </ClInclude>
    <ClInclude Include="fileio\CImg.h">
      <Filter>Header Files</Filter>
    </ClInclude>
    <ClInclude Include="general.h">
      <Filter>Header Files</Filter>
    </ClInclude>
    <ClInclude Include="getopt.h">
      <Filter>Header Files</Filter>
    </ClInclude>
    <ClInclude Include="fileio\imageio.h">
      <Filter>Header Files</Filter>
    </ClInclude>
    <ClInclude Include="RayTracer.h">
      <Filter>Header Files</Filter>
    </ClInclude>
    <ClInclude Include="parser\Parser.h">
      <Filter>Header Files</Filter>
    </ClInclude>
    <ClInclude Include="parser\ParserException.h">
      <Filter>Header Files</Filter>
    </ClInclude>
    <ClInclude Include="parser\Token.h">
      <Filter>Header Files</Filter>
    </ClInclude>
    <ClInclude Include="parser\Tokenizer.h">
      <Filter>Header Files</Filter>
    </ClInclude>
    <ClInclude Include="scene\BSPTree.h">
      <Filter>Header Files</Filter>
    </ClInclude>
    <ClInclude Include="scene\camera.h">
      <Filter>Header Files</Filter>
    </ClInclude>
    <ClInclude Include="scene\light.h">
      <Filter>Header Files</Filter>
    </ClInclude>
    <ClInclude Include="scene\material.h">
      <Filter>Header Files</Filter>
    </ClInclude>
    <ClInclude Include="scene\ray.h">
      <Filter>Header Files</Filter>
    </ClInclude>
    <ClInclude Include="scene\scene.h">
      <Filter>Header Files</Filter>
    </ClInclude>
    <ClInclude Include="SceneObjects\Box.h">
      <Filter>Header Files</Filter>
    </ClInclude>
    <ClInclude Include="SceneObjects\Cone.h">
      <Filter>Header Files</Filter>
    </ClInclude>
    <ClInclude Include="SceneObjects\Cylinder.h">
      <Filter>Header Files</Filter>
    </ClInclude>
    <ClInclude Include="SceneObjects\Sphere.h">
      <Filter>Header Files</Filter>
    </ClInclude>
    <ClInclude Include="SceneObjects\Square.h">
      <Filter>Header Files</Filter>
    </ClInclude>
    <ClInclude Include="SceneObjects\trimesh.h">
      <Filter>Header Files</Filter>
    </ClInclude>
    <ClInclude Include="threads\ThreadPool.h">
      <Filter>Header Files</Filter>
    </ClInclude>
    <ClInclude Include="ui\CommandLineUI.h">
      <Filter>Header Files</Filter>
    </ClInclude>
    <ClInclude Include="ui\debuggingView.h">
      <Filter>Header Files</Filter>
    </ClInclude>
    <ClInclude Include="ui\debuggingWindow.h">
      <Filter>Header Files</Filter>
    </ClInclude>
    <ClInclude Include="ui\dialog.h">
      <Filter>Header Files</Filter>
    </ClInclude>
    <ClInclude Include="ui\GraphicalUI.h">
      <Filter>Header Files</Filter>
    </ClInclude>
    <ClInclude Include="ui\ModelerCamera.h">
      <Filter>Header Files</Filter>
    </ClInclude>
    <ClInclude Include="ui\TraceGLWindow.h">
      <Filter>Header Files</Filter>
    </ClInclude>
    <ClInclude Include="ui\TraceUI.h">
      <Filter>Header Files</Filter>
    </ClInclude>
    <ClInclude Include="vecmath\mat.h">
      <Filter>Header Files</Filter>
    </ClInclude>
    <ClInclude Include="vecmath\vec.h">
      <Filter>Header Files</Filter>
    </ClInclude>
  </ItemGroup>
  <ItemGroup>
    <ClCompile Include="fileio\buffer.cpp">
      <Filter>Source Files</Filter>
    </ClCompile>
    <ClCompile Include="getopt.cpp">
      <Filter>Source Files</Filter>
    </ClCompile>
    <ClCompile Include="fileio\imageio.cpp">
      <Filter>Source Files</Filter>
    </ClCompile>
    <ClCompile Include="main.cpp">
      <Filter>Source Files</Filter>
    </ClCompile>
    <ClCompile Include="RayTracer.cpp">
      <Filter>Source Files</Filter>
    </ClCompile>
    <ClCompile Include="parser\Parser.cpp">
      <Filter>Source Files</Filter>
    </ClCompile>
    <ClCompile Include="parser\ParserException.cpp">
      <Filter>Source Files</Filter>
    </ClCompile>
    <ClCompile Include="parser\Token.cpp">
      <Filter>Source Files</Filter>
    </ClCompile>
    <ClCompile Include="parser\Tokenizer.cpp">
      <Filter>Source Files</Filter>
    </ClCompile>
    <ClCompile Include="scene\camera.cpp">
      <Filter>Source Files</Filter>
    </ClCompile>
    <ClCompile Include="scene\light.cpp">
      <Filter>Source Files</Filter>
    </ClCompile>
    <ClCompile Include="scene\material.cpp">
      <Filter>Source Files</Filter>
    </ClCompile>
    <ClCompile Include="scene\ray.cpp">
      <Filter>Source Files</Filter>
    </ClCompile>
    <ClCompile Include="scene\scene.cpp">
      <Filter>Source Files</Filter>
    </ClCompile>
    <ClCompile Include="SceneObjects\Box.cpp">
      <Filter>Source Files</Filter>
    </ClCompile>
    <ClCompile Include="SceneObjects\Cone.cpp">
      <Filter>Source Files</Filter>
    </ClCompile>
    <ClCompile Include="SceneObjects\Cylinder.cpp">
      <Filter>Source Files</Filter>
    </ClCompile>
    <ClCompile Include="SceneObjects\Sphere.cpp">
      <Filter>Source Files</Filter>
    </ClCompile>
    <ClCompile Include="SceneObjects\Square.cpp">
      <Filter>Source Files</Filter>
    </ClCompile>
    <ClCompile Include="SceneObjects\trimesh.cpp">
      <Filter>Source Files</Filter>
    </ClCompile>
    <ClCompile Include="threads\ThreadPool.cpp">
      <Filter>Source Files</Filter>
    </ClCompile>
    <ClCompile Include="ui\CommandLineUI.cpp">
      <Filter>Source Files</Filter>
    </ClCompile>
    <ClCompile Include="ui\debuggingView.cpp">
      <Filter>Source Files</Filter>
    </ClCompile>
    <ClCompile Include="ui\debuggingWindow.cxx">
      <Filter>Source Files</Filter>
    </ClCompile>
    <ClCompile Include="ui\glObjects.cpp">
      <Filter>Source Files</Filter>
    </ClCompile>
    <ClCompile Include="ui\GraphicalUI.cpp">
      <Filter>Source Files</Filter>
    </ClCompile>
    <ClCompile Include="ui\ModelerCamera.cpp">
      <Filter>Source Files</Filter>
    </ClCompile>
    <ClCompile Include="ui\TraceGLWindow.cpp">
      <Filter>Source Files</Filter>
    </ClCompile>
  </ItemGroup>
</Project>