// !$*UTF8*$!
{
	archiveVersion = 1;
	classes = {
	};
	objectVersion = 46;
	objects = {

/* Begin PBXBuildFile section */
		1303E3E51A06ED5D000B7B8C /* libfltk.a in Frameworks */ = {isa = PBXBuildFile; fileRef = 1303E3E41A06ED5D000B7B8C /* libfltk.a */; };
		1303E3E71A06ED6A000B7B8C /* OpenGL.framework in Frameworks */ = {isa = PBXBuildFile; fileRef = 1303E3E61A06ED6A000B7B8C /* OpenGL.framework */; };
		1303E3E91A06ED8F000B7B8C /* libfltk_gl.a in Frameworks */ = {isa = PBXBuildFile; fileRef = 1303E3E81A06ED8F000B7B8C /* libfltk_gl.a */; };
		1303E3EB1A06EE5A000B7B8C /* Cocoa.framework in Frameworks */ = {isa = PBXBuildFile; fileRef = 1303E3EA1A06EE5A000B7B8C /* Cocoa.framework */; };
		1303E3ED1A06EE94000B7B8C /* libX11.6.dylib in Frameworks */ = {isa = PBXBuildFile; fileRef = 1303E3EC1A06EE94000B7B8C /* libX11.6.dylib */; };
		1303E3EF1A06EECE000B7B8C /* AGL.framework in Frameworks */ = {isa = PBXBuildFile; fileRef = 1303E3EE1A06EECE000B7B8C /* AGL.framework */; };
		1303E4351A06F0F7000B7B8C /* buffer.cpp in Sources */ = {isa = PBXBuildFile; fileRef = 1303E3F11A06F0F7000B7B8C /* buffer.cpp */; };
		1303E4361A06F0F7000B7B8C /* imageio.cpp in Sources */ = {isa = PBXBuildFile; fileRef = 1303E3F41A06F0F7000B7B8C /* imageio.cpp */; };
		1303E4371A06F0F7000B7B8C /* getopt.cpp in Sources */ = {isa = PBXBuildFile; fileRef = 1303E3F71A06F0F7000B7B8C /* getopt.cpp */; };
		1303E4381A06F0F7000B7B8C /* main.cpp in Sources */ = {isa = PBXBuildFile; fileRef = 1303E3F91A06F0F7000B7B8C /* main.cpp */; };
		1303E4391A06F0F7000B7B8C /* Parser.cpp in Sources */ = {isa = PBXBuildFile; fileRef = 1303E3FB1A06F0F7000B7B8C /* Parser.cpp */; };
		1303E43A1A06F0F7000B7B8C /* ParserException.cpp in Sources */ = {isa = PBXBuildFile; fileRef = 1303E3FD1A06F0F7000B7B8C /* ParserException.cpp */; };
		1303E43B1A06F0F7000B7B8C /* Token.cpp in Sources */ = {isa = PBXBuildFile; fileRef = 1303E3FF1A06F0F7000B7B8C /* Token.cpp */; };
		1303E43C1A06F0F7000B7B8C /* Tokenizer.cpp in Sources */ = {isa = PBXBuildFile; fileRef = 1303E4011A06F0F7000B7B8C /* Tokenizer.cpp */; };
		1303E43D1A06F0F7000B7B8C /* RayTracer.cpp in Sources */ = {isa = PBXBuildFile; fileRef = 1303E4031A06F0F7000B7B8C /* RayTracer.cpp */; };
		1303E43E1A06F0F7000B7B8C /* camera.cpp in Sources */ = {isa = PBXBuildFile; fileRef = 1303E4071A06F0F7000B7B8C /* camera.cpp */; };
		1303E43F1A06F0F7000B7B8C /* light.cpp in Sources */ = {isa = PBXBuildFile; fileRef = 1303E4091A06F0F7000B7B8C /* light.cpp */; };
		1303E4401A06F0F7000B7B8C /* material.cpp in Sources */ = {isa = PBXBuildFile; fileRef = 1303E40B1A06F0F7000B7B8C /* material.cpp */; };
		1303E4411A06F0F7000B7B8C /* ray.cpp in Sources */ = {isa = PBXBuildFile; fileRef = 1303E40D1A06F0F7000B7B8C /* ray.cpp */; };
		1303E4421A06F0F7000B7B8C /* scene.cpp in Sources */ = {isa = PBXBuildFile; fileRef = 1303E40F1A06F0F7000B7B8C /* scene.cpp */; };
		1303E4431A06F0F7000B7B8C /* Box.cpp in Sources */ = {isa = PBXBuildFile; fileRef = 1303E4121A06F0F7000B7B8C /* Box.cpp */; };
		1303E4441A06F0F7000B7B8C /* Cone.cpp in Sources */ = {isa = PBXBuildFile; fileRef = 1303E4141A06F0F7000B7B8C /* Cone.cpp */; };
		1303E4451A06F0F7000B7B8C /* Cylinder.cpp in Sources */ = {isa = PBXBuildFile; fileRef = 1303E4161A06F0F7000B7B8C /* Cylinder.cpp */; };
		1303E4461A06F0F7000B7B8C /* Sphere.cpp in Sources */ = {isa = PBXBuildFile; fileRef = 1303E4181A06F0F7000B7B8C /* Sphere.cpp */; };
		1303E4471A06F0F7000B7B8C /* Square.cpp in Sources */ = {isa = PBXBuildFile; fileRef = 1303E41A1A06F0F7000B7B8C /* Square.cpp */; };
		1303E4481A06F0F7000B7B8C /* trimesh.cpp in Sources */ = {isa = PBXBuildFile; fileRef = 1303E41C1A06F0F7000B7B8C /* trimesh.cpp */; };
		1303E4491A06F0F7000B7B8C /* ThreadPool.cpp in Sources */ = {isa = PBXBuildFile; fileRef = 1303E41F1A06F0F7000B7B8C /* ThreadPool.cpp */; };
		1303E44A1A06F0F7000B7B8C /* CommandLineUI.cpp in Sources */ = {isa = PBXBuildFile; fileRef = 1303E4221A06F0F7000B7B8C /* CommandLineUI.cpp */; };
		1303E44B1A06F0F7000B7B8C /* debuggingView.cpp in Sources */ = {isa = PBXBuildFile; fileRef = 1303E4241A06F0F7000B7B8C /* debuggingView.cpp */; };
		1303E44C1A06F0F7000B7B8C /* debuggingWindow.cxx in Sources */ = {isa = PBXBuildFile; fileRef = 1303E4261A06F0F7000B7B8C /* debuggingWindow.cxx */; };
		1303E44D1A06F0F7000B7B8C /* glObjects.cpp in Sources */ = {isa = PBXBuildFile; fileRef = 1303E42A1A06F0F7000B7B8C /* glObjects.cpp */; };
		1303E44E1A06F0F7000B7B8C /* GraphicalUI.cpp in Sources */ = {isa = PBXBuildFile; fileRef = 1303E42B1A06F0F7000B7B8C /* GraphicalUI.cpp */; };
		1303E44F1A06F0F7000B7B8C /* ModelerCamera.cpp in Sources */ = {isa = PBXBuildFile; fileRef = 1303E42D1A06F0F7000B7B8C /* ModelerCamera.cpp */; };
		1303E4501A06F0F7000B7B8C /* TraceGLWindow.cpp in Sources */ = {isa = PBXBuildFile; fileRef = 1303E42F1A06F0F7000B7B8C /* TraceGLWindow.cpp */; };
/* End PBXBuildFile section */

/* Begin PBXCopyFilesBuildPhase section */
		131362E91A06EBAC004BD526 /* CopyFiles */ = {
			isa = PBXCopyFilesBuildPhase;
			buildActionMask = 2147483647;
			dstPath = /usr/share/man/man1/;
			dstSubfolderSpec = 0;
			files = (
			);
			runOnlyForDeploymentPostprocessing = 1;
		};
/* End PBXCopyFilesBuildPhase section */

/* Begin PBXFileReference section */
		1303E3E41A06ED5D000B7B8C /* libfltk.a */ = {isa = PBXFileReference; lastKnownFileType = archive.ar; name = libfltk.a; path = ../../../../../../usr/local/lib/libfltk.a; sourceTree = "<group>"; };
		1303E3E61A06ED6A000B7B8C /* OpenGL.framework */ = {isa = PBXFileReference; lastKnownFileType = wrapper.framework; name = OpenGL.framework; path = System/Library/Frameworks/OpenGL.framework; sourceTree = SDKROOT; };
		1303E3E81A06ED8F000B7B8C /* libfltk_gl.a */ = {isa = PBXFileReference; lastKnownFileType = archive.ar; name = libfltk_gl.a; path = ../../../../../../usr/local/lib/libfltk_gl.a; sourceTree = "<group>"; };
		1303E3EA1A06EE5A000B7B8C /* Cocoa.framework */ = {isa = PBXFileReference; lastKnownFileType = wrapper.framework; name = Cocoa.framework; path = System/Library/Frameworks/Cocoa.framework; sourceTree = SDKROOT; };
		1303E3EC1A06EE94000B7B8C /* libX11.6.dylib */ = {isa = PBXFileReference; lastKnownFileType = "compiled.mach-o.dylib"; name = libX11.6.dylib; path = ../../../../../../opt/X11/lib/libX11.6.dylib; sourceTree = "<group>"; };
		1303E3EE1A06EECE000B7B8C /* AGL.framework */ = {isa = PBXFileReference; lastKnownFileType = wrapper.framework; name = AGL.framework; path = System/Library/Frameworks/AGL.framework; sourceTree = SDKROOT; };
		1303E3F11A06F0F7000B7B8C /* buffer.cpp */ = {isa = PBXFileReference; fileEncoding = 4; lastKnownFileType = sourcecode.cpp.cpp; path = buffer.cpp; sourceTree = "<group>"; };
		1303E3F21A06F0F7000B7B8C /* buffer.h */ = {isa = PBXFileReference; fileEncoding = 4; lastKnownFileType = sourcecode.c.h; path = buffer.h; sourceTree = "<group>"; };
		1303E3F31A06F0F7000B7B8C /* CImg.h */ = {isa = PBXFileReference; fileEncoding = 4; lastKnownFileType = sourcecode.c.h; path = CImg.h; sourceTree = "<group>"; };
		1303E3F41A06F0F7000B7B8C /* imageio.cpp */ = {isa = PBXFileReference; fileEncoding = 4; lastKnownFileType = sourcecode.cpp.cpp; path = imageio.cpp; sourceTree = "<group>"; };
		1303E3F51A06F0F7000B7B8C /* imageio.h */ = {isa = PBXFileReference; fileEncoding = 4; lastKnownFileType = sourcecode.c.h; path = imageio.h; sourceTree = "<group>"; };
		1303E3F61A06F0F7000B7B8C /* general.h */ = {isa = PBXFileReference; fileEncoding = 4; lastKnownFileType = sourcecode.c.h; path = general.h; sourceTree = "<group>"; };
		1303E3F71A06F0F7000B7B8C /* getopt.cpp */ = {isa = PBXFileReference; fileEncoding = 4; lastKnownFileType = sourcecode.cpp.cpp; path = getopt.cpp; sourceTree = "<group>"; };
		1303E3F81A06F0F7000B7B8C /* getopt.h */ = {isa = PBXFileReference; fileEncoding = 4; lastKnownFileType = sourcecode.c.h; path = getopt.h; sourceTree = "<group>"; };
		1303E3F91A06F0F7000B7B8C /* main.cpp */ = {isa = PBXFileReference; fileEncoding = 4; lastKnownFileType = sourcecode.cpp.cpp; path = main.cpp; sourceTree = "<group>"; };
		1303E3FB1A06F0F7000B7B8C /* Parser.cpp */ = {isa = PBXFileReference; fileEncoding = 4; lastKnownFileType = sourcecode.cpp.cpp; path = Parser.cpp; sourceTree = "<group>"; };
		1303E3FC1A06F0F7000B7B8C /* Parser.h */ = {isa = PBXFileReference; fileEncoding = 4; lastKnownFileType = sourcecode.c.h; path = Parser.h; sourceTree = "<group>"; };
		1303E3FD1A06F0F7000B7B8C /* ParserException.cpp */ = {isa = PBXFileReference; fileEncoding = 4; lastKnownFileType = sourcecode.cpp.cpp; path = ParserException.cpp; sourceTree = "<group>"; };
		1303E3FE1A06F0F7000B7B8C /* ParserException.h */ = {isa = PBXFileReference; fileEncoding = 4; lastKnownFileType = sourcecode.c.h; path = ParserException.h; sourceTree = "<group>"; };
		1303E3FF1A06F0F7000B7B8C /* Token.cpp */ = {isa = PBXFileReference; fileEncoding = 4; lastKnownFileType = sourcecode.cpp.cpp; path = Token.cpp; sourceTree = "<group>"; };
		1303E4001A06F0F7000B7B8C /* Token.h */ = {isa = PBXFileReference; fileEncoding = 4; lastKnownFileType = sourcecode.c.h; path = Token.h; sourceTree = "<group>"; };
		1303E4011A06F0F7000B7B8C /* Tokenizer.cpp */ = {isa = PBXFileReference; fileEncoding = 4; lastKnownFileType = sourcecode.cpp.cpp; path = Tokenizer.cpp; sourceTree = "<group>"; };
		1303E4021A06F0F7000B7B8C /* Tokenizer.h */ = {isa = PBXFileReference; fileEncoding = 4; lastKnownFileType = sourcecode.c.h; path = Tokenizer.h; sourceTree = "<group>"; };
		1303E4031A06F0F7000B7B8C /* RayTracer.cpp */ = {isa = PBXFileReference; fileEncoding = 4; lastKnownFileType = sourcecode.cpp.cpp; path = RayTracer.cpp; sourceTree = "<group>"; };
		1303E4041A06F0F7000B7B8C /* RayTracer.h */ = {isa = PBXFileReference; fileEncoding = 4; lastKnownFileType = sourcecode.c.h; path = RayTracer.h; sourceTree = "<group>"; };
		1303E4061A06F0F7000B7B8C /* BSPTree.h */ = {isa = PBXFileReference; fileEncoding = 4; lastKnownFileType = sourcecode.c.h; path = BSPTree.h; sourceTree = "<group>"; };
		1303E4071A06F0F7000B7B8C /* camera.cpp */ = {isa = PBXFileReference; fileEncoding = 4; lastKnownFileType = sourcecode.cpp.cpp; path = camera.cpp; sourceTree = "<group>"; };
		1303E4081A06F0F7000B7B8C /* camera.h */ = {isa = PBXFileReference; fileEncoding = 4; lastKnownFileType = sourcecode.c.h; path = camera.h; sourceTree = "<group>"; };
		1303E4091A06F0F7000B7B8C /* light.cpp */ = {isa = PBXFileReference; fileEncoding = 4; lastKnownFileType = sourcecode.cpp.cpp; path = light.cpp; sourceTree = "<group>"; };
		1303E40A1A06F0F7000B7B8C /* light.h */ = {isa = PBXFileReference; fileEncoding = 4; lastKnownFileType = sourcecode.c.h; path = light.h; sourceTree = "<group>"; };
		1303E40B1A06F0F7000B7B8C /* material.cpp */ = {isa = PBXFileReference; fileEncoding = 4; lastKnownFileType = sourcecode.cpp.cpp; path = material.cpp; sourceTree = "<group>"; };
		1303E40C1A06F0F7000B7B8C /* material.h */ = {isa = PBXFileReference; fileEncoding = 4; lastKnownFileType = sourcecode.c.h; path = material.h; sourceTree = "<group>"; };
		1303E40D1A06F0F7000B7B8C /* ray.cpp */ = {isa = PBXFileReference; fileEncoding = 4; lastKnownFileType = sourcecode.cpp.cpp; path = ray.cpp; sourceTree = "<group>"; };
		1303E40E1A06F0F7000B7B8C /* ray.h */ = {isa = PBXFileReference; fileEncoding = 4; lastKnownFileType = sourcecode.c.h; path = ray.h; sourceTree = "<group>"; };
		1303E40F1A06F0F7000B7B8C /* scene.cpp */ = {isa = PBXFileReference; fileEncoding = 4; lastKnownFileType = sourcecode.cpp.cpp; path = scene.cpp; sourceTree = "<group>"; };
		1303E4101A06F0F7000B7B8C /* scene.h */ = {isa = PBXFileReference; fileEncoding = 4; lastKnownFileType = sourcecode.c.h; path = scene.h; sourceTree = "<group>"; };
		1303E4121A06F0F7000B7B8C /* Box.cpp */ = {isa = PBXFileReference; fileEncoding = 4; lastKnownFileType = sourcecode.cpp.cpp; path = Box.cpp; sourceTree = "<group>"; };
		1303E4131A06F0F7000B7B8C /* Box.h */ = {isa = PBXFileReference; fileEncoding = 4; lastKnownFileType = sourcecode.c.h; path = Box.h; sourceTree = "<group>"; };
		1303E4141A06F0F7000B7B8C /* Cone.cpp */ = {isa = PBXFileReference; fileEncoding = 4; lastKnownFileType = sourcecode.cpp.cpp; path = Cone.cpp; sourceTree = "<group>"; };
		1303E4151A06F0F7000B7B8C /* Cone.h */ = {isa = PBXFileReference; fileEncoding = 4; lastKnownFileType = sourcecode.c.h; path = Cone.h; sourceTree = "<group>"; };
		1303E4161A06F0F7000B7B8C /* Cylinder.cpp */ = {isa = PBXFileReference; fileEncoding = 4; lastKnownFileType = sourcecode.cpp.cpp; path = Cylinder.cpp; sourceTree = "<group>"; };
		1303E4171A06F0F7000B7B8C /* Cylinder.h */ = {isa = PBXFileReference; fileEncoding = 4; lastKnownFileType = sourcecode.c.h; path = Cylinder.h; sourceTree = "<group>"; };
		1303E4181A06F0F7000B7B8C /* Sphere.cpp */ = {isa = PBXFileReference; fileEncoding = 4; lastKnownFileType = sourcecode.cpp.cpp; path = Sphere.cpp; sourceTree = "<group>"; };
		1303E4191A06F0F7000B7B8C /* Sphere.h */ = {isa = PBXFileReference; fileEncoding = 4; lastKnownFileType = sourcecode.c.h; path = Sphere.h; sourceTree = "<group>"; };
		1303E41A1A06F0F7000B7B8C /* Square.cpp */ = {isa = PBXFileReference; fileEncoding = 4; lastKnownFileType = sourcecode.cpp.cpp; path = Square.cpp; sourceTree = "<group>"; };
		1303E41B1A06F0F7000B7B8C /* Square.h */ = {isa = PBXFileReference; fileEncoding = 4; lastKnownFileType = sourcecode.c.h; path = Square.h; sourceTree = "<group>"; };
		1303E41C1A06F0F7000B7B8C /* trimesh.cpp */ = {isa = PBXFileReference; fileEncoding = 4; lastKnownFileType = sourcecode.cpp.cpp; path = trimesh.cpp; sourceTree = "<group>"; };
		1303E41D1A06F0F7000B7B8C /* trimesh.h */ = {isa = PBXFileReference; fileEncoding = 4; lastKnownFileType = sourcecode.c.h; path = trimesh.h; sourceTree = "<group>"; };
		1303E41F1A06F0F7000B7B8C /* ThreadPool.cpp */ = {isa = PBXFileReference; fileEncoding = 4; lastKnownFileType = sourcecode.cpp.cpp; path = ThreadPool.cpp; sourceTree = "<group>"; };
		1303E4201A06F0F7000B7B8C /* ThreadPool.h */ = {isa = PBXFileReference; fileEncoding = 4; lastKnownFileType = sourcecode.c.h; path = ThreadPool.h; sourceTree = "<group>"; };
		1303E4221A06F0F7000B7B8C /* CommandLineUI.cpp */ = {isa = PBXFileReference; fileEncoding = 4; lastKnownFileType = sourcecode.cpp.cpp; path = CommandLineUI.cpp; sourceTree = "<group>"; };
		1303E4231A06F0F7000B7B8C /* CommandLineUI.h */ = {isa = PBXFileReference; fileEncoding = 4; lastKnownFileType = sourcecode.c.h; path = CommandLineUI.h; sourceTree = "<group>"; };
		1303E4241A06F0F7000B7B8C /* debuggingView.cpp */ = {isa = PBXFileReference; fileEncoding = 4; lastKnownFileType = sourcecode.cpp.cpp; path = debuggingView.cpp; sourceTree = "<group>"; };
		1303E4251A06F0F7000B7B8C /* debuggingView.h */ = {isa = PBXFileReference; fileEncoding = 4; lastKnownFileType = sourcecode.c.h; path = debuggingView.h; sourceTree = "<group>"; };
		1303E4261A06F0F7000B7B8C /* debuggingWindow.cxx */ = {isa = PBXFileReference; fileEncoding = 4; lastKnownFileType = sourcecode.cpp.cpp; path = debuggingWindow.cxx; sourceTree = "<group>"; };
		1303E4271A06F0F7000B7B8C /* debuggingWindow.fl */ = {isa = PBXFileReference; fileEncoding = 4; lastKnownFileType = text; path = debuggingWindow.fl; sourceTree = "<group>"; };
		1303E4281A06F0F7000B7B8C /* debuggingWindow.h */ = {isa = PBXFileReference; fileEncoding = 4; lastKnownFileType = sourcecode.c.h; path = debuggingWindow.h; sourceTree = "<group>"; };
		1303E4291A06F0F7000B7B8C /* dialog.h */ = {isa = PBXFileReference; fileEncoding = 4; lastKnownFileType = sourcecode.c.h; path = dialog.h; sourceTree = "<group>"; };
		1303E42A1A06F0F7000B7B8C /* glObjects.cpp */ = {isa = PBXFileReference; fileEncoding = 4; lastKnownFileType = sourcecode.cpp.cpp; path = glObjects.cpp; sourceTree = "<group>"; };
		1303E42B1A06F0F7000B7B8C /* GraphicalUI.cpp */ = {isa = PBXFileReference; fileEncoding = 4; lastKnownFileType = sourcecode.cpp.cpp; path = GraphicalUI.cpp; sourceTree = "<group>"; };
		1303E42C1A06F0F7000B7B8C /* GraphicalUI.h */ = {isa = PBXFileReference; fileEncoding = 4; lastKnownFileType = sourcecode.c.h; path = GraphicalUI.h; sourceTree = "<group>"; };
		1303E42D1A06F0F7000B7B8C /* ModelerCamera.cpp */ = {isa = PBXFileReference; fileEncoding = 4; lastKnownFileType = sourcecode.cpp.cpp; path = ModelerCamera.cpp; sourceTree = "<group>"; };
		1303E42E1A06F0F7000B7B8C /* ModelerCamera.h */ = {isa = PBXFileReference; fileEncoding = 4; lastKnownFileType = sourcecode.c.h; path = ModelerCamera.h; sourceTree = "<group>"; };
		1303E42F1A06F0F7000B7B8C /* TraceGLWindow.cpp */ = {isa = PBXFileReference; fileEncoding = 4; lastKnownFileType = sourcecode.cpp.cpp; path = TraceGLWindow.cpp; sourceTree = "<group>"; };
		1303E4301A06F0F7000B7B8C /* TraceGLWindow.h */ = {isa = PBXFileReference; fileEncoding = 4; lastKnownFileType = sourcecode.c.h; path = TraceGLWindow.h; sourceTree = "<group>"; };
		1303E4311A06F0F7000B7B8C /* TraceUI.h */ = {isa = PBXFileReference; fileEncoding = 4; lastKnownFileType = sourcecode.c.h; path = TraceUI.h; sourceTree = "<group>"; };
		1303E4331A06F0F7000B7B8C /* mat.h */ = {isa = PBXFileReference; fileEncoding = 4; lastKnownFileType = sourcecode.c.h; path = mat.h; sourceTree = "<group>"; };
		1303E4341A06F0F7000B7B8C /* vec.h */ = {isa = PBXFileReference; fileEncoding = 4; lastKnownFileType = sourcecode.c.h; path = vec.h; sourceTree = "<group>"; };
		131362EB1A06EBAC004BD526 /* Trace */ = {isa = PBXFileReference; explicitFileType = "compiled.mach-o.executable"; includeInIndex = 0; path = Trace; sourceTree = BUILT_PRODUCTS_DIR; };
/* End PBXFileReference section */

/* Begin PBXFrameworksBuildPhase section */
		131362E81A06EBAC004BD526 /* Frameworks */ = {
			isa = PBXFrameworksBuildPhase;
			buildActionMask = 2147483647;
			files = (
				1303E3EF1A06EECE000B7B8C /* AGL.framework in Frameworks */,
				1303E3ED1A06EE94000B7B8C /* libX11.6.dylib in Frameworks */,
				1303E3EB1A06EE5A000B7B8C /* Cocoa.framework in Frameworks */,
				1303E3E91A06ED8F000B7B8C /* libfltk_gl.a in Frameworks */,
				1303E3E71A06ED6A000B7B8C /* OpenGL.framework in Frameworks */,
				1303E3E51A06ED5D000B7B8C /* libfltk.a in Frameworks */,
			);
			runOnlyForDeploymentPostprocessing = 0;
		};
/* End PBXFrameworksBuildPhase section */

/* Begin PBXGroup section */
		1303E3F01A06F0F7000B7B8C /* fileio */ = {
			isa = PBXGroup;
			children = (
				1303E3F11A06F0F7000B7B8C /* buffer.cpp */,
				1303E3F21A06F0F7000B7B8C /* buffer.h */,
				1303E3F31A06F0F7000B7B8C /* CImg.h */,
				1303E3F41A06F0F7000B7B8C /* imageio.cpp */,
				1303E3F51A06F0F7000B7B8C /* imageio.h */,
			);
			path = fileio;
			sourceTree = "<group>";
		};
		1303E3FA1A06F0F7000B7B8C /* parser */ = {
			isa = PBXGroup;
			children = (
				1303E3FB1A06F0F7000B7B8C /* Parser.cpp */,
				1303E3FC1A06F0F7000B7B8C /* Parser.h */,
				1303E3FD1A06F0F7000B7B8C /* ParserException.cpp */,
				1303E3FE1A06F0F7000B7B8C /* ParserException.h */,
				1303E3FF1A06F0F7000B7B8C /* Token.cpp */,
				1303E4001A06F0F7000B7B8C /* Token.h */,
				1303E4011A06F0F7000B7B8C /* Tokenizer.cpp */,
				1303E4021A06F0F7000B7B8C /* Tokenizer.h */,
			);
			path = parser;
			sourceTree = "<group>";
		};
		1303E4051A06F0F7000B7B8C /* scene */ = {
			isa = PBXGroup;
			children = (
				1303E4061A06F0F7000B7B8C /* BSPTree.h */,
				1303E4071A06F0F7000B7B8C /* camera.cpp */,
				1303E4081A06F0F7000B7B8C /* camera.h */,
				1303E4091A06F0F7000B7B8C /* light.cpp */,
				1303E40A1A06F0F7000B7B8C /* light.h */,
				1303E40B1A06F0F7000B7B8C /* material.cpp */,
				1303E40C1A06F0F7000B7B8C /* material.h */,
				1303E40D1A06F0F7000B7B8C /* ray.cpp */,
				1303E40E1A06F0F7000B7B8C /* ray.h */,
				1303E40F1A06F0F7000B7B8C /* scene.cpp */,
				1303E4101A06F0F7000B7B8C /* scene.h */,
			);
			path = scene;
			sourceTree = "<group>";
		};
		1303E4111A06F0F7000B7B8C /* SceneObjects */ = {
			isa = PBXGroup;
			children = (
				1303E4121A06F0F7000B7B8C /* Box.cpp */,
				1303E4131A06F0F7000B7B8C /* Box.h */,
				1303E4141A06F0F7000B7B8C /* Cone.cpp */,
				1303E4151A06F0F7000B7B8C /* Cone.h */,
				1303E4161A06F0F7000B7B8C /* Cylinder.cpp */,
				1303E4171A06F0F7000B7B8C /* Cylinder.h */,
				1303E4181A06F0F7000B7B8C /* Sphere.cpp */,
				1303E4191A06F0F7000B7B8C /* Sphere.h */,
				1303E41A1A06F0F7000B7B8C /* Square.cpp */,
				1303E41B1A06F0F7000B7B8C /* Square.h */,
				1303E41C1A06F0F7000B7B8C /* trimesh.cpp */,
				1303E41D1A06F0F7000B7B8C /* trimesh.h */,
			);
			path = SceneObjects;
			sourceTree = "<group>";
		};
		1303E41E1A06F0F7000B7B8C /* threads */ = {
			isa = PBXGroup;
			children = (
				1303E41F1A06F0F7000B7B8C /* ThreadPool.cpp */,
				1303E4201A06F0F7000B7B8C /* ThreadPool.h */,
			);
			path = threads;
			sourceTree = "<group>";
		};
		1303E4211A06F0F7000B7B8C /* ui */ = {
			isa = PBXGroup;
			children = (
				1303E4221A06F0F7000B7B8C /* CommandLineUI.cpp */,
				1303E4231A06F0F7000B7B8C /* CommandLineUI.h */,
				1303E4241A06F0F7000B7B8C /* debuggingView.cpp */,
				1303E4251A06F0F7000B7B8C /* debuggingView.h */,
				1303E4261A06F0F7000B7B8C /* debuggingWindow.cxx */,
				1303E4271A06F0F7000B7B8C /* debuggingWindow.fl */,
				1303E4281A06F0F7000B7B8C /* debuggingWindow.h */,
				1303E4291A06F0F7000B7B8C /* dialog.h */,
				1303E42A1A06F0F7000B7B8C /* glObjects.cpp */,
				1303E42B1A06F0F7000B7B8C /* GraphicalUI.cpp */,
				1303E42C1A06F0F7000B7B8C /* GraphicalUI.h */,
				1303E42D1A06F0F7000B7B8C /* ModelerCamera.cpp */,
				1303E42E1A06F0F7000B7B8C /* ModelerCamera.h */,
				1303E42F1A06F0F7000B7B8C /* TraceGLWindow.cpp */,
				1303E4301A06F0F7000B7B8C /* TraceGLWindow.h */,
				1303E4311A06F0F7000B7B8C /* TraceUI.h */,
			);
			path = ui;
			sourceTree = "<group>";
		};
		1303E4321A06F0F7000B7B8C /* vecmath */ = {
			isa = PBXGroup;
			children = (
				1303E4331A06F0F7000B7B8C /* mat.h */,
				1303E4341A06F0F7000B7B8C /* vec.h */,
			);
			path = vecmath;
			sourceTree = "<group>";
		};
		131362E21A06EBAC004BD526 = {
			isa = PBXGroup;
			children = (
				1303E3F01A06F0F7000B7B8C /* fileio */,
				1303E3F61A06F0F7000B7B8C /* general.h */,
				1303E3F71A06F0F7000B7B8C /* getopt.cpp */,
				1303E3F81A06F0F7000B7B8C /* getopt.h */,
				1303E3F91A06F0F7000B7B8C /* main.cpp */,
				1303E3FA1A06F0F7000B7B8C /* parser */,
				1303E4031A06F0F7000B7B8C /* RayTracer.cpp */,
				1303E4041A06F0F7000B7B8C /* RayTracer.h */,
				1303E4051A06F0F7000B7B8C /* scene */,
				1303E4111A06F0F7000B7B8C /* SceneObjects */,
				1303E41E1A06F0F7000B7B8C /* threads */,
				1303E4211A06F0F7000B7B8C /* ui */,
				1303E4321A06F0F7000B7B8C /* vecmath */,
				1303E3EE1A06EECE000B7B8C /* AGL.framework */,
				1303E3EC1A06EE94000B7B8C /* libX11.6.dylib */,
				1303E3EA1A06EE5A000B7B8C /* Cocoa.framework */,
				1303E3E81A06ED8F000B7B8C /* libfltk_gl.a */,
				1303E3E61A06ED6A000B7B8C /* OpenGL.framework */,
				1303E3E41A06ED5D000B7B8C /* libfltk.a */,
				131362EC1A06EBAC004BD526 /* Products */,
			);
			sourceTree = "<group>";
		};
		131362EC1A06EBAC004BD526 /* Products */ = {
			isa = PBXGroup;
			children = (
				131362EB1A06EBAC004BD526 /* Trace */,
			);
			name = Products;
			sourceTree = "<group>";
		};
/* End PBXGroup section */

/* Begin PBXNativeTarget section */
		131362EA1A06EBAC004BD526 /* Trace */ = {
			isa = PBXNativeTarget;
			buildConfigurationList = 131362F21A06EBAC004BD526 /* Build configuration list for PBXNativeTarget "Trace" */;
			buildPhases = (
				131362E71A06EBAC004BD526 /* Sources */,
				131362E81A06EBAC004BD526 /* Frameworks */,
				131362E91A06EBAC004BD526 /* CopyFiles */,
			);
			buildRules = (
			);
			dependencies = (
			);
			name = Trace;
			productName = Trace;
			productReference = 131362EB1A06EBAC004BD526 /* Trace */;
			productType = "com.apple.product-type.tool";
		};
/* End PBXNativeTarget section */

/* Begin PBXProject section */
		131362E31A06EBAC004BD526 /* Project object */ = {
			isa = PBXProject;
			attributes = {
				LastUpgradeCheck = 0610;
				ORGANIZATIONNAME = "Annabelle Richard";
				TargetAttributes = {
					131362EA1A06EBAC004BD526 = {
						CreatedOnToolsVersion = 6.1;
					};
				};
			};
			buildConfigurationList = 131362E61A06EBAC004BD526 /* Build configuration list for PBXProject "Trace" */;
			compatibilityVersion = "Xcode 3.2";
			developmentRegion = English;
			hasScannedForEncodings = 0;
			knownRegions = (
				en,
			);
			mainGroup = 131362E21A06EBAC004BD526;
			productRefGroup = 131362EC1A06EBAC004BD526 /* Products */;
			projectDirPath = "";
			projectRoot = "";
			targets = (
				131362EA1A06EBAC004BD526 /* Trace */,
			);
		};
/* End PBXProject section */

/* Begin PBXSourcesBuildPhase section */
		131362E71A06EBAC004BD526 /* Sources */ = {
			isa = PBXSourcesBuildPhase;
			buildActionMask = 2147483647;
			files = (
				1303E44C1A06F0F7000B7B8C /* debuggingWindow.cxx in Sources */,
				1303E4401A06F0F7000B7B8C /* material.cpp in Sources */,
				1303E43D1A06F0F7000B7B8C /* RayTracer.cpp in Sources */,
				1303E4351A06F0F7000B7B8C /* buffer.cpp in Sources */,
				1303E43C1A06F0F7000B7B8C /* Tokenizer.cpp in Sources */,
				1303E4491A06F0F7000B7B8C /* ThreadPool.cpp in Sources */,
				1303E4371A06F0F7000B7B8C /* getopt.cpp in Sources */,
				1303E43E1A06F0F7000B7B8C /* camera.cpp in Sources */,
				1303E44B1A06F0F7000B7B8C /* debuggingView.cpp in Sources */,
				1303E4411A06F0F7000B7B8C /* ray.cpp in Sources */,
				1303E43A1A06F0F7000B7B8C /* ParserException.cpp in Sources */,
				1303E43B1A06F0F7000B7B8C /* Token.cpp in Sources */,
				1303E4501A06F0F7000B7B8C /* TraceGLWindow.cpp in Sources */,
				1303E4431A06F0F7000B7B8C /* Box.cpp in Sources */,
				1303E4461A06F0F7000B7B8C /* Sphere.cpp in Sources */,
				1303E4381A06F0F7000B7B8C /* main.cpp in Sources */,
				1303E44F1A06F0F7000B7B8C /* ModelerCamera.cpp in Sources */,
				1303E44D1A06F0F7000B7B8C /* glObjects.cpp in Sources */,
				1303E4481A06F0F7000B7B8C /* trimesh.cpp in Sources */,
				1303E4471A06F0F7000B7B8C /* Square.cpp in Sources */,
				1303E4421A06F0F7000B7B8C /* scene.cpp in Sources */,
				1303E4391A06F0F7000B7B8C /* Parser.cpp in Sources */,
				1303E4451A06F0F7000B7B8C /* Cylinder.cpp in Sources */,
				1303E44E1A06F0F7000B7B8C /* GraphicalUI.cpp in Sources */,
				1303E43F1A06F0F7000B7B8C /* light.cpp in Sources */,
				1303E44A1A06F0F7000B7B8C /* CommandLineUI.cpp in Sources */,
				1303E4441A06F0F7000B7B8C /* Cone.cpp in Sources */,
				1303E4361A06F0F7000B7B8C /* imageio.cpp in Sources */,
			);
			runOnlyForDeploymentPostprocessing = 0;
		};
/* End PBXSourcesBuildPhase section */

/* Begin XCBuildConfiguration section */
		131362F01A06EBAC004BD526 /* Debug */ = {
			isa = XCBuildConfiguration;
			buildSettings = {
				ALWAYS_SEARCH_USER_PATHS = NO;
				CLANG_CXX_LANGUAGE_STANDARD = "gnu++0x";
				CLANG_CXX_LIBRARY = "libc++";
				CLANG_ENABLE_MODULES = YES;
				CLANG_ENABLE_OBJC_ARC = YES;
				CLANG_WARN_BOOL_CONVERSION = YES;
				CLANG_WARN_CONSTANT_CONVERSION = YES;
				CLANG_WARN_DIRECT_OBJC_ISA_USAGE = YES_ERROR;
				CLANG_WARN_EMPTY_BODY = YES;
				CLANG_WARN_ENUM_CONVERSION = YES;
				CLANG_WARN_INT_CONVERSION = YES;
				CLANG_WARN_OBJC_ROOT_CLASS = YES_ERROR;
				CLANG_WARN_UNREACHABLE_CODE = YES;
				CLANG_WARN__DUPLICATE_METHOD_MATCH = YES;
				COPY_PHASE_STRIP = NO;
				ENABLE_STRICT_OBJC_MSGSEND = YES;
				GCC_C_LANGUAGE_STANDARD = gnu99;
				GCC_DYNAMIC_NO_PIC = NO;
				GCC_OPTIMIZATION_LEVEL = 0;
				GCC_PREPROCESSOR_DEFINITIONS = (
					"DEBUG=1",
					"$(inherited)",
				);
				GCC_SYMBOLS_PRIVATE_EXTERN = NO;
				GCC_WARN_64_TO_32_BIT_CONVERSION = YES;
				GCC_WARN_ABOUT_RETURN_TYPE = YES_ERROR;
				GCC_WARN_UNDECLARED_SELECTOR = YES;
				GCC_WARN_UNINITIALIZED_AUTOS = YES_AGGRESSIVE;
				GCC_WARN_UNUSED_FUNCTION = YES;
				GCC_WARN_UNUSED_VARIABLE = YES;
				MACOSX_DEPLOYMENT_TARGET = 10.9;
				MTL_ENABLE_DEBUG_INFO = YES;
				ONLY_ACTIVE_ARCH = YES;
				SDKROOT = macosx;
			};
			name = Debug;
		};
		131362F11A06EBAC004BD526 /* Release */ = {
			isa = XCBuildConfiguration;
			buildSettings = {
				ALWAYS_SEARCH_USER_PATHS = NO;
				CLANG_CXX_LANGUAGE_STANDARD = "gnu++0x";
				CLANG_CXX_LIBRARY = "libc++";
				CLANG_ENABLE_MODULES = YES;
				CLANG_ENABLE_OBJC_ARC = YES;
				CLANG_WARN_BOOL_CONVERSION = YES;
				CLANG_WARN_CONSTANT_CONVERSION = YES;
				CLANG_WARN_DIRECT_OBJC_ISA_USAGE = YES_ERROR;
				CLANG_WARN_EMPTY_BODY = YES;
				CLANG_WARN_ENUM_CONVERSION = YES;
				CLANG_WARN_INT_CONVERSION = YES;
				CLANG_WARN_OBJC_ROOT_CLASS = YES_ERROR;
				CLANG_WARN_UNREACHABLE_CODE = YES;
				CLANG_WARN__DUPLICATE_METHOD_MATCH = YES;
				COPY_PHASE_STRIP = YES;
				DEBUG_INFORMATION_FORMAT = "dwarf-with-dsym";
				ENABLE_NS_ASSERTIONS = NO;
				ENABLE_STRICT_OBJC_MSGSEND = YES;
				GCC_C_LANGUAGE_STANDARD = gnu99;
				GCC_WARN_64_TO_32_BIT_CONVERSION = YES;
				GCC_WARN_ABOUT_RETURN_TYPE = YES_ERROR;
				GCC_WARN_UNDECLARED_SELECTOR = YES;
				GCC_WARN_UNINITIALIZED_AUTOS = YES_AGGRESSIVE;
				GCC_WARN_UNUSED_FUNCTION = YES;
				GCC_WARN_UNUSED_VARIABLE = YES;
				MACOSX_DEPLOYMENT_TARGET = 10.9;
				MTL_ENABLE_DEBUG_INFO = NO;
				SDKROOT = macosx;
			};
			name = Release;
		};
		131362F31A06EBAC004BD526 /* Debug */ = {
			isa = XCBuildConfiguration;
			buildSettings = {
				HEADER_SEARCH_PATHS = (
					"$(inherited)",
					/Applications/Xcode.app/Contents/Developer/Toolchains/XcodeDefault.xctoolchain/usr/include,
					/usr/local/include,
					/opt/X11/include,
				);
				LIBRARY_SEARCH_PATHS = (
					"$(inherited)",
					/usr/local/lib,
					/opt/X11/lib,
				);
				PRODUCT_NAME = "$(TARGET_NAME)";
			};
			name = Debug;
		};
		131362F41A06EBAC004BD526 /* Release */ = {
			isa = XCBuildConfiguration;
			buildSettings = {
				HEADER_SEARCH_PATHS = (
					"$(inherited)",
					/Applications/Xcode.app/Contents/Developer/Toolchains/XcodeDefault.xctoolchain/usr/include,
					/usr/local/include,
					/opt/X11/include,
				);
				LIBRARY_SEARCH_PATHS = (
					"$(inherited)",
					/usr/local/lib,
					/opt/X11/lib,
				);
				PRODUCT_NAME = "$(TARGET_NAME)";
			};
			name = Release;
		};
/* End XCBuildConfiguration section */

/* Begin XCConfigurationList section */
		131362E61A06EBAC004BD526 /* Build configuration list for PBXProject "Trace" */ = {
			isa = XCConfigurationList;
			buildConfigurations = (
				131362F01A06EBAC004BD526 /* Debug */,
				131362F11A06EBAC004BD526 /* Release */,
			);
			defaultConfigurationIsVisible = 0;
			defaultConfigurationName = Release;
		};
		131362F21A06EBAC004BD526 /* Build configuration list for PBXNativeTarget "Trace" */ = {
			isa = XCConfigurationList;
			buildConfigurations = (
				131362F31A06EBAC004BD526 /* Debug */,
				131362F41A06EBAC004BD526 /* Release */,
			);
			defaultConfigurationIsVisible = 0;
			defaultConfigurationName = Release;
		};
/* End XCConfigurationList section */
	};
	rootObject = 131362E31A06EBAC004BD526 /* Project object */;
}
